<?xml version="1.0" encoding="UTF-8"?>
<Scheme
   LastUpgradeVersion = "0500"
   version = "1.3">
   <BuildAction
      parallelizeBuildables = "YES"
      buildImplicitDependencies = "YES">
      <BuildActionEntries>
         <BuildActionEntry
            buildForTesting = "YES"
            buildForRunning = "YES"
            buildForProfiling = "YES"
            buildForArchiving = "YES"
            buildForAnalyzing = "YES">
            <BuildableReference
               BuildableIdentifier = "primary"
               BlueprintIdentifier = "5938104E1894C339005C04A7"
               BuildableName = "Input va&#768;o mo&#803;&#770;t da&#771;y ca&#769;c &#273;o&#770;&#769;i tu&#795;o&#795;&#803;ng. Output mo&#803;&#770;t da&#771;y ca&#769;c &#273;o&#770;&#769;i tu&#795;o&#795;&#803;ng rie&#770;ng bie&#803;&#770;t."
               BlueprintName = "Input va&#768;o mo&#803;&#770;t da&#771;y ca&#769;c &#273;o&#770;&#769;i tu&#795;o&#795;&#803;ng. Output mo&#803;&#770;t da&#771;y ca&#769;c &#273;o&#770;&#769;i tu&#795;o&#795;&#803;ng rie&#770;ng bie&#803;&#770;t."
               ReferencedContainer = "container:Input va&#768;o mo&#803;&#770;t da&#771;y ca&#769;c &#273;o&#770;&#769;i tu&#795;o&#795;&#803;ng. Output mo&#803;&#770;t da&#771;y ca&#769;c &#273;o&#770;&#769;i tu&#795;o&#795;&#803;ng rie&#770;ng bie&#803;&#770;t..xcodeproj">
            </BuildableReference>
         </BuildActionEntry>
      </BuildActionEntries>
   </BuildAction>
   <TestAction
      selectedDebuggerIdentifier = "Xcode.DebuggerFoundation.Debugger.LLDB"
      selectedLauncherIdentifier = "Xcode.DebuggerFoundation.Launcher.LLDB"
      shouldUseLaunchSchemeArgsEnv = "YES"
      buildConfiguration = "Debug">
      <Testables>
      </Testables>
      <MacroExpansion>
         <BuildableReference
            BuildableIdentifier = "primary"
            BlueprintIdentifier = "5938104E1894C339005C04A7"
            BuildableName = "Input va&#768;o mo&#803;&#770;t da&#771;y ca&#769;c &#273;o&#770;&#769;i tu&#795;o&#795;&#803;ng. Output mo&#803;&#770;t da&#771;y ca&#769;c &#273;o&#770;&#769;i tu&#795;o&#795;&#803;ng rie&#770;ng bie&#803;&#770;t."
            BlueprintName = "Input va&#768;o mo&#803;&#770;t da&#771;y ca&#769;c &#273;o&#770;&#769;i tu&#795;o&#795;&#803;ng. Output mo&#803;&#770;t da&#771;y ca&#769;c &#273;o&#770;&#769;i tu&#795;o&#795;&#803;ng rie&#770;ng bie&#803;&#770;t."
            ReferencedContainer = "container:Input va&#768;o mo&#803;&#770;t da&#771;y ca&#769;c &#273;o&#770;&#769;i tu&#795;o&#795;&#803;ng. Output mo&#803;&#770;t da&#771;y ca&#769;c &#273;o&#770;&#769;i tu&#795;o&#795;&#803;ng rie&#770;ng bie&#803;&#770;t..xcodeproj">
         </BuildableReference>
      </MacroExpansion>
   </TestAction>
   <LaunchAction
      selectedDebuggerIdentifier = "Xcode.DebuggerFoundation.Debugger.LLDB"
      selectedLauncherIdentifier = "Xcode.DebuggerFoundation.Launcher.LLDB"
      launchStyle = "0"
      useCustomWorkingDirectory = "NO"
      buildConfiguration = "Debug"
      ignoresPersistentStateOnLaunch = "NO"
      debugDocumentVersioning = "YES"
      allowLocationSimulation = "YES">
      <BuildableProductRunnable>
         <BuildableReference
            BuildableIdentifier = "primary"
            BlueprintIdentifier = "5938104E1894C339005C04A7"
            BuildableName = "Input va&#768;o mo&#803;&#770;t da&#771;y ca&#769;c &#273;o&#770;&#769;i tu&#795;o&#795;&#803;ng. Output mo&#803;&#770;t da&#771;y ca&#769;c &#273;o&#770;&#769;i tu&#795;o&#795;&#803;ng rie&#770;ng bie&#803;&#770;t."
            BlueprintName = "Input va&#768;o mo&#803;&#770;t da&#771;y ca&#769;c &#273;o&#770;&#769;i tu&#795;o&#795;&#803;ng. Output mo&#803;&#770;t da&#771;y ca&#769;c &#273;o&#770;&#769;i tu&#795;o&#795;&#803;ng rie&#770;ng bie&#803;&#770;t."
            ReferencedContainer = "container:Input va&#768;o mo&#803;&#770;t da&#771;y ca&#769;c &#273;o&#770;&#769;i tu&#795;o&#795;&#803;ng. Output mo&#803;&#770;t da&#771;y ca&#769;c &#273;o&#770;&#769;i tu&#795;o&#795;&#803;ng rie&#770;ng bie&#803;&#770;t..xcodeproj">
         </BuildableReference>
      </BuildableProductRunnable>
      <AdditionalOptions>
      </AdditionalOptions>
   </LaunchAction>
   <ProfileAction
      shouldUseLaunchSchemeArgsEnv = "YES"
      savedToolIdentifier = ""
      useCustomWorkingDirectory = "NO"
      buildConfiguration = "Release"
      debugDocumentVersioning = "YES">
      <BuildableProductRunnable>
         <BuildableReference
            BuildableIdentifier = "primary"
            BlueprintIdentifier = "5938104E1894C339005C04A7"
            BuildableName = "Input va&#768;o mo&#803;&#770;t da&#771;y ca&#769;c &#273;o&#770;&#769;i tu&#795;o&#795;&#803;ng. Output mo&#803;&#770;t da&#771;y ca&#769;c &#273;o&#770;&#769;i tu&#795;o&#795;&#803;ng rie&#770;ng bie&#803;&#770;t."
            BlueprintName = "Input va&#768;o mo&#803;&#770;t da&#771;y ca&#769;c &#273;o&#770;&#769;i tu&#795;o&#795;&#803;ng. Output mo&#803;&#770;t da&#771;y ca&#769;c &#273;o&#770;&#769;i tu&#795;o&#795;&#803;ng rie&#770;ng bie&#803;&#770;t."
            ReferencedContainer = "container:Input va&#768;o mo&#803;&#770;t da&#771;y ca&#769;c &#273;o&#770;&#769;i tu&#795;o&#795;&#803;ng. Output mo&#803;&#770;t da&#771;y ca&#769;c &#273;o&#770;&#769;i tu&#795;o&#795;&#803;ng rie&#770;ng bie&#803;&#770;t..xcodeproj">
         </BuildableReference>
      </BuildableProductRunnable>
   </ProfileAction>
   <AnalyzeAction
      buildConfiguration = "Debug">
   </AnalyzeAction>
   <ArchiveAction
      buildConfiguration = "Release"
      revealArchiveInOrganizer = "YES">
   </ArchiveAction>
</Scheme>
